// !$*UTF8*$!
{
	archiveVersion = 1;
	classes = {
	};
	objectVersion = 46;
	objects = {

/* Begin PBXContainerItemProxy section */
		637021321BED46CE0005C5D5 /* PBXContainerItemProxy */ = {
			isa = PBXContainerItemProxy;
			containerPortal = E1066B6E1BC5931C00B892CE /* llbuild.xcodeproj */;
			proxyType = 1;
			remoteGlobalIDString = E1604C951BB9E01D001153A1;
			remoteInfo = "swift-build-tool";
		};
		6398BB231BEC5AF8005124BA /* PBXContainerItemProxy */ = {
			isa = PBXContainerItemProxy;
			containerPortal = E1066B6E1BC5931C00B892CE /* llbuild.xcodeproj */;
			proxyType = 2;
			remoteGlobalIDString = E1A224C319F999B80059043E;
			remoteInfo = "llbuild Tool";
		};
		6398BB251BEC5AF8005124BA /* PBXContainerItemProxy */ = {
			isa = PBXContainerItemProxy;
			containerPortal = E1066B6E1BC5931C00B892CE /* llbuild.xcodeproj */;
			proxyType = 2;
			remoteGlobalIDString = E1604CB11BB9E01D001153A1;
			remoteInfo = "swift-build-tool";
		};
		6398BB271BEC5AF8005124BA /* PBXContainerItemProxy */ = {
			isa = PBXContainerItemProxy;
			containerPortal = E1066B6E1BC5931C00B892CE /* llbuild.xcodeproj */;
			proxyType = 2;
			remoteGlobalIDString = E1ADC23A1A85936400D5387C;
			remoteInfo = libllbuild;
		};
		6398BB291BEC5AF8005124BA /* PBXContainerItemProxy */ = {
			isa = PBXContainerItemProxy;
			containerPortal = E1066B6E1BC5931C00B892CE /* llbuild.xcodeproj */;
			proxyType = 2;
			remoteGlobalIDString = E1B838A21B52E7DE00DB876B;
			remoteInfo = llvmSupport;
		};
		6398BB2B1BEC5AF8005124BA /* PBXContainerItemProxy */ = {
			isa = PBXContainerItemProxy;
			containerPortal = E1066B6E1BC5931C00B892CE /* llbuild.xcodeproj */;
			proxyType = 2;
			remoteGlobalIDString = E1A2242519F991B40059043E;
			remoteInfo = llbuildBasic;
		};
		6398BB2D1BEC5AF8005124BA /* PBXContainerItemProxy */ = {
			isa = PBXContainerItemProxy;
			containerPortal = E1066B6E1BC5931C00B892CE /* llbuild.xcodeproj */;
			proxyType = 2;
			remoteGlobalIDString = E1A2242E19F997050059043E;
			remoteInfo = llbuildCommands;
		};
		6398BB2F1BEC5AF8005124BA /* PBXContainerItemProxy */ = {
			isa = PBXContainerItemProxy;
			containerPortal = E1066B6E1BC5931C00B892CE /* llbuild.xcodeproj */;
			proxyType = 2;
			remoteGlobalIDString = E1A2243E19F997150059043E;
			remoteInfo = llbuildCore;
		};
		6398BB311BEC5AF8005124BA /* PBXContainerItemProxy */ = {
			isa = PBXContainerItemProxy;
			containerPortal = E1066B6E1BC5931C00B892CE /* llbuild.xcodeproj */;
			proxyType = 2;
			remoteGlobalIDString = E1B839571B541BFD00DB876B;
			remoteInfo = llbuildBuildSystem;
		};
		6398BB331BEC5AF8005124BA /* PBXContainerItemProxy */ = {
			isa = PBXContainerItemProxy;
			containerPortal = E1066B6E1BC5931C00B892CE /* llbuild.xcodeproj */;
			proxyType = 2;
			remoteGlobalIDString = E1A2243619F9970D0059043E;
			remoteInfo = llbuildNinja;
		};
		6398BB351BEC5AF8005124BA /* PBXContainerItemProxy */ = {
			isa = PBXContainerItemProxy;
			containerPortal = E1066B6E1BC5931C00B892CE /* llbuild.xcodeproj */;
			proxyType = 2;
			remoteGlobalIDString = E1A224DD19F99B0E0059043E;
			remoteInfo = gtest;
		};
		6398BB371BEC5AF8005124BA /* PBXContainerItemProxy */ = {
			isa = PBXContainerItemProxy;
			containerPortal = E1066B6E1BC5931C00B892CE /* llbuild.xcodeproj */;
			proxyType = 2;
			remoteGlobalIDString = E1A224E619F99C580059043E;
			remoteInfo = gtest_main;
		};
		6398BB391BEC5AF8005124BA /* PBXContainerItemProxy */ = {
			isa = PBXContainerItemProxy;
			containerPortal = E1066B6E1BC5931C00B892CE /* llbuild.xcodeproj */;
			proxyType = 2;
			remoteGlobalIDString = E147DF161BA81D330032D08E;
			remoteInfo = BasicTests;
		};
		6398BB3B1BEC5AF8005124BA /* PBXContainerItemProxy */ = {
			isa = PBXContainerItemProxy;
			containerPortal = E1066B6E1BC5931C00B892CE /* llbuild.xcodeproj */;
			proxyType = 2;
			remoteGlobalIDString = E1A224EF19F99D880059043E;
			remoteInfo = CoreTests;
		};
		6398BB3D1BEC5AF8005124BA /* PBXContainerItemProxy */ = {
			isa = PBXContainerItemProxy;
			containerPortal = E1066B6E1BC5931C00B892CE /* llbuild.xcodeproj */;
			proxyType = 2;
			remoteGlobalIDString = E1A2250119F99DFD0059043E;
			remoteInfo = NinjaTests;
		};
		6398BB3F1BEC5AF8005124BA /* PBXContainerItemProxy */ = {
			isa = PBXContainerItemProxy;
			containerPortal = E1066B6E1BC5931C00B892CE /* llbuild.xcodeproj */;
			proxyType = 2;
			remoteGlobalIDString = E10D5CDA19FEBF6A00211ED4;
			remoteInfo = LitXCTestAdaptor;
		};
		6398BB411BEC5AF8005124BA /* PBXContainerItemProxy */ = {
			isa = PBXContainerItemProxy;
			containerPortal = E1066B6E1BC5931C00B892CE /* llbuild.xcodeproj */;
			proxyType = 2;
			remoteGlobalIDString = E1C404AC1A0308F3003392BA;
			remoteInfo = PerfTests;
		};
		6398BB431BEC5AF8005124BA /* PBXContainerItemProxy */ = {
			isa = PBXContainerItemProxy;
			containerPortal = E1066B6E1BC5931C00B892CE /* llbuild.xcodeproj */;
			proxyType = 2;
			remoteGlobalIDString = E1D191BE1B47232B000C4E95;
			remoteInfo = "llbuild-framework";
		};
/* End PBXContainerItemProxy section */

/* Begin PBXFileReference section */
		63353AA61BB5DCF400D6C4B0 /* Sources */ = {isa = PBXFileReference; lastKnownFileType = folder; name = Sources; path = ../Sources; sourceTree = "<group>"; };
		63DAB68F1C63CB5C00ADDDF1 /* Tests */ = {isa = PBXFileReference; lastKnownFileType = folder; name = Tests; path = ../Tests; sourceTree = "<group>"; };
		E1066B6E1BC5931C00B892CE /* llbuild.xcodeproj */ = {isa = PBXFileReference; lastKnownFileType = "wrapper.pb-project"; name = llbuild.xcodeproj; path = ../../llbuild/llbuild.xcodeproj; sourceTree = "<group>"; };
/* End PBXFileReference section */

/* Begin PBXGroup section */
		63344F971BB0806700460D40 = {
			isa = PBXGroup;
			children = (
				63353AA61BB5DCF400D6C4B0 /* Sources */,
				63DAB68F1C63CB5C00ADDDF1 /* Tests */,
				E1066B6E1BC5931C00B892CE /* llbuild.xcodeproj */,
			);
			sourceTree = "<group>";
		};
		6398BB0C1BEC5AF8005124BA /* Products */ = {
			isa = PBXGroup;
			children = (
				6398BB241BEC5AF8005124BA /* llbuild */,
				6398BB261BEC5AF8005124BA /* swift-build-tool */,
				6398BB281BEC5AF8005124BA /* libllbuild.dylib */,
				6398BB2A1BEC5AF8005124BA /* libllvmSupport.a */,
				6398BB2C1BEC5AF8005124BA /* libllbuildBasic.a */,
				6398BB2E1BEC5AF8005124BA /* libllbuildCommands.a */,
				6398BB301BEC5AF8005124BA /* libllbuildCore.a */,
				6398BB321BEC5AF8005124BA /* libllbuildBuildSystem.a */,
				6398BB341BEC5AF8005124BA /* libllbuildNinja.a */,
				6398BB361BEC5AF8005124BA /* libgtest.a */,
				6398BB381BEC5AF8005124BA /* libgtest_main.a */,
				6398BB3A1BEC5AF8005124BA /* BasicTests */,
				6398BB3C1BEC5AF8005124BA /* CoreTests */,
				6398BB3E1BEC5AF8005124BA /* NinjaTests */,
				6398BB401BEC5AF8005124BA /* LitXCTestAdaptor.xctest */,
				6398BB421BEC5AF8005124BA /* PerfTests.xctest */,
				6398BB441BEC5AF8005124BA /* llbuild.framework */,
			);
			name = Products;
			sourceTree = "<group>";
		};
/* End PBXGroup section */

/* Begin PBXLegacyTarget section */
		63344F9C1BB0806700460D40 /* swiftpm */ = {
			isa = PBXLegacyTarget;
			buildArgumentsString = "$(ACTION)";
			buildConfigurationList = 63344F9F1BB0806700460D40 /* Build configuration list for PBXLegacyTarget "swiftpm" */;
			buildPhases = (
			);
			buildToolPath = ../Utilities/bootstrap;
			buildWorkingDirectory = "";
			dependencies = (
				637021331BED46CE0005C5D5 /* PBXTargetDependency */,
			);
			name = swiftpm;
			passBuildSettingsInEnvironment = 1;
			productName = ss;
		};
/* End PBXLegacyTarget section */

/* Begin PBXProject section */
		63344F981BB0806700460D40 /* Project object */ = {
			isa = PBXProject;
			attributes = {
				LastSwiftUpdateCheck = 0730;
				LastUpgradeCheck = 0710;
				ORGANIZATIONNAME = "Apple, Inc.";
				TargetAttributes = {
					63344F9C1BB0806700460D40 = {
						CreatedOnToolsVersion = 7.1;
					};
				};
			};
			buildConfigurationList = 63344F9B1BB0806700460D40 /* Build configuration list for PBXProject "swiftpm" */;
			compatibilityVersion = "Xcode 3.2";
			developmentRegion = English;
			hasScannedForEncodings = 0;
			knownRegions = (
				en,
			);
			mainGroup = 63344F971BB0806700460D40;
			productRefGroup = 63344F971BB0806700460D40;
			projectDirPath = "";
			projectReferences = (
				{
					ProductGroup = 6398BB0C1BEC5AF8005124BA /* Products */;
					ProjectRef = E1066B6E1BC5931C00B892CE /* llbuild.xcodeproj */;
				},
			);
			projectRoot = "";
			targets = (
				63344F9C1BB0806700460D40 /* swiftpm */,
			);
		};
/* End PBXProject section */

/* Begin PBXReferenceProxy section */
		6398BB241BEC5AF8005124BA /* llbuild */ = {
			isa = PBXReferenceProxy;
			fileType = "compiled.mach-o.executable";
			path = llbuild;
			remoteRef = 6398BB231BEC5AF8005124BA /* PBXContainerItemProxy */;
			sourceTree = BUILT_PRODUCTS_DIR;
		};
		6398BB261BEC5AF8005124BA /* swift-build-tool */ = {
			isa = PBXReferenceProxy;
			fileType = "compiled.mach-o.executable";
			path = "swift-build-tool";
			remoteRef = 6398BB251BEC5AF8005124BA /* PBXContainerItemProxy */;
			sourceTree = BUILT_PRODUCTS_DIR;
		};
		6398BB281BEC5AF8005124BA /* libllbuild.dylib */ = {
			isa = PBXReferenceProxy;
			fileType = "compiled.mach-o.dylib";
			path = libllbuild.dylib;
			remoteRef = 6398BB271BEC5AF8005124BA /* PBXContainerItemProxy */;
			sourceTree = BUILT_PRODUCTS_DIR;
		};
		6398BB2A1BEC5AF8005124BA /* libllvmSupport.a */ = {
			isa = PBXReferenceProxy;
			fileType = archive.ar;
			path = libllvmSupport.a;
			remoteRef = 6398BB291BEC5AF8005124BA /* PBXContainerItemProxy */;
			sourceTree = BUILT_PRODUCTS_DIR;
		};
		6398BB2C1BEC5AF8005124BA /* libllbuildBasic.a */ = {
			isa = PBXReferenceProxy;
			fileType = archive.ar;
			path = libllbuildBasic.a;
			remoteRef = 6398BB2B1BEC5AF8005124BA /* PBXContainerItemProxy */;
			sourceTree = BUILT_PRODUCTS_DIR;
		};
		6398BB2E1BEC5AF8005124BA /* libllbuildCommands.a */ = {
			isa = PBXReferenceProxy;
			fileType = archive.ar;
			path = libllbuildCommands.a;
			remoteRef = 6398BB2D1BEC5AF8005124BA /* PBXContainerItemProxy */;
			sourceTree = BUILT_PRODUCTS_DIR;
		};
		6398BB301BEC5AF8005124BA /* libllbuildCore.a */ = {
			isa = PBXReferenceProxy;
			fileType = archive.ar;
			path = libllbuildCore.a;
			remoteRef = 6398BB2F1BEC5AF8005124BA /* PBXContainerItemProxy */;
			sourceTree = BUILT_PRODUCTS_DIR;
		};
		6398BB321BEC5AF8005124BA /* libllbuildBuildSystem.a */ = {
			isa = PBXReferenceProxy;
			fileType = archive.ar;
			path = libllbuildBuildSystem.a;
			remoteRef = 6398BB311BEC5AF8005124BA /* PBXContainerItemProxy */;
			sourceTree = BUILT_PRODUCTS_DIR;
		};
		6398BB341BEC5AF8005124BA /* libllbuildNinja.a */ = {
			isa = PBXReferenceProxy;
			fileType = archive.ar;
			path = libllbuildNinja.a;
			remoteRef = 6398BB331BEC5AF8005124BA /* PBXContainerItemProxy */;
			sourceTree = BUILT_PRODUCTS_DIR;
		};
		6398BB361BEC5AF8005124BA /* libgtest.a */ = {
			isa = PBXReferenceProxy;
			fileType = archive.ar;
			path = libgtest.a;
			remoteRef = 6398BB351BEC5AF8005124BA /* PBXContainerItemProxy */;
			sourceTree = BUILT_PRODUCTS_DIR;
		};
		6398BB381BEC5AF8005124BA /* libgtest_main.a */ = {
			isa = PBXReferenceProxy;
			fileType = archive.ar;
			path = libgtest_main.a;
			remoteRef = 6398BB371BEC5AF8005124BA /* PBXContainerItemProxy */;
			sourceTree = BUILT_PRODUCTS_DIR;
		};
		6398BB3A1BEC5AF8005124BA /* BasicTests */ = {
			isa = PBXReferenceProxy;
			fileType = "compiled.mach-o.executable";
			path = BasicTests;
			remoteRef = 6398BB391BEC5AF8005124BA /* PBXContainerItemProxy */;
			sourceTree = BUILT_PRODUCTS_DIR;
		};
		6398BB3C1BEC5AF8005124BA /* CoreTests */ = {
			isa = PBXReferenceProxy;
			fileType = "compiled.mach-o.executable";
			path = CoreTests;
			remoteRef = 6398BB3B1BEC5AF8005124BA /* PBXContainerItemProxy */;
			sourceTree = BUILT_PRODUCTS_DIR;
		};
		6398BB3E1BEC5AF8005124BA /* NinjaTests */ = {
			isa = PBXReferenceProxy;
			fileType = "compiled.mach-o.executable";
			path = NinjaTests;
			remoteRef = 6398BB3D1BEC5AF8005124BA /* PBXContainerItemProxy */;
			sourceTree = BUILT_PRODUCTS_DIR;
		};
		6398BB401BEC5AF8005124BA /* LitXCTestAdaptor.xctest */ = {
			isa = PBXReferenceProxy;
			fileType = wrapper.cfbundle;
			path = LitXCTestAdaptor.xctest;
			remoteRef = 6398BB3F1BEC5AF8005124BA /* PBXContainerItemProxy */;
			sourceTree = BUILT_PRODUCTS_DIR;
		};
		6398BB421BEC5AF8005124BA /* PerfTests.xctest */ = {
			isa = PBXReferenceProxy;
			fileType = wrapper.cfbundle;
			path = PerfTests.xctest;
			remoteRef = 6398BB411BEC5AF8005124BA /* PBXContainerItemProxy */;
			sourceTree = BUILT_PRODUCTS_DIR;
		};
		6398BB441BEC5AF8005124BA /* llbuild.framework */ = {
			isa = PBXReferenceProxy;
			fileType = wrapper.framework;
			path = llbuild.framework;
			remoteRef = 6398BB431BEC5AF8005124BA /* PBXContainerItemProxy */;
			sourceTree = BUILT_PRODUCTS_DIR;
		};
/* End PBXReferenceProxy section */

/* Begin PBXTargetDependency section */
		637021331BED46CE0005C5D5 /* PBXTargetDependency */ = {
			isa = PBXTargetDependency;
			name = "swift-build-tool";
			targetProxy = 637021321BED46CE0005C5D5 /* PBXContainerItemProxy */;
		};
/* End PBXTargetDependency section */

/* Begin XCBuildConfiguration section */
		63344F9D1BB0806700460D40 /* Debug */ = {
			isa = XCBuildConfiguration;
			buildSettings = {
				ALWAYS_SEARCH_USER_PATHS = NO;
				CLANG_CXX_LANGUAGE_STANDARD = "gnu++0x";
				CLANG_CXX_LIBRARY = "libc++";
				CLANG_ENABLE_MODULES = YES;
				CLANG_ENABLE_OBJC_ARC = YES;
				CLANG_WARN_BOOL_CONVERSION = YES;
				CLANG_WARN_CONSTANT_CONVERSION = YES;
				CLANG_WARN_DIRECT_OBJC_ISA_USAGE = YES_ERROR;
				CLANG_WARN_EMPTY_BODY = YES;
				CLANG_WARN_ENUM_CONVERSION = YES;
				CLANG_WARN_INT_CONVERSION = YES;
				CLANG_WARN_OBJC_ROOT_CLASS = YES_ERROR;
				CLANG_WARN_UNREACHABLE_CODE = YES;
				CLANG_WARN__DUPLICATE_METHOD_MATCH = YES;
				COPY_PHASE_STRIP = NO;
				DEBUG_INFORMATION_FORMAT = dwarf;
				ENABLE_STRICT_OBJC_MSGSEND = YES;
				ENABLE_TESTABILITY = YES;
				GCC_C_LANGUAGE_STANDARD = gnu99;
				GCC_DYNAMIC_NO_PIC = NO;
				GCC_NO_COMMON_BLOCKS = YES;
				GCC_OPTIMIZATION_LEVEL = 0;
				GCC_PREPROCESSOR_DEFINITIONS = (
					"DEBUG=1",
					"$(inherited)",
				);
				GCC_WARN_64_TO_32_BIT_CONVERSION = YES;
				GCC_WARN_ABOUT_RETURN_TYPE = YES_ERROR;
				GCC_WARN_UNDECLARED_SELECTOR = YES;
				GCC_WARN_UNINITIALIZED_AUTOS = YES_AGGRESSIVE;
				GCC_WARN_UNUSED_FUNCTION = YES;
				GCC_WARN_UNUSED_VARIABLE = YES;
				LIBRARY_SEARCH_PATHS = ../.build/debug;
				MTL_ENABLE_DEBUG_INFO = YES;
				ONLY_ACTIVE_ARCH = YES;
				SWIFT_INCLUDE_PATHS = ../.build/debug;
			};
			name = Debug;
		};
		63344F9E1BB0806700460D40 /* Release */ = {
			isa = XCBuildConfiguration;
			buildSettings = {
				ALWAYS_SEARCH_USER_PATHS = NO;
				CLANG_CXX_LANGUAGE_STANDARD = "gnu++0x";
				CLANG_CXX_LIBRARY = "libc++";
				CLANG_ENABLE_MODULES = YES;
				CLANG_ENABLE_OBJC_ARC = YES;
				CLANG_WARN_BOOL_CONVERSION = YES;
				CLANG_WARN_CONSTANT_CONVERSION = YES;
				CLANG_WARN_DIRECT_OBJC_ISA_USAGE = YES_ERROR;
				CLANG_WARN_EMPTY_BODY = YES;
				CLANG_WARN_ENUM_CONVERSION = YES;
				CLANG_WARN_INT_CONVERSION = YES;
				CLANG_WARN_OBJC_ROOT_CLASS = YES_ERROR;
				CLANG_WARN_UNREACHABLE_CODE = YES;
				CLANG_WARN__DUPLICATE_METHOD_MATCH = YES;
				COPY_PHASE_STRIP = NO;
				DEBUG_INFORMATION_FORMAT = "dwarf-with-dsym";
				ENABLE_NS_ASSERTIONS = NO;
				ENABLE_STRICT_OBJC_MSGSEND = YES;
				GCC_C_LANGUAGE_STANDARD = gnu99;
				GCC_NO_COMMON_BLOCKS = YES;
				GCC_WARN_64_TO_32_BIT_CONVERSION = YES;
				GCC_WARN_ABOUT_RETURN_TYPE = YES_ERROR;
				GCC_WARN_UNDECLARED_SELECTOR = YES;
				GCC_WARN_UNINITIALIZED_AUTOS = YES_AGGRESSIVE;
				GCC_WARN_UNUSED_FUNCTION = YES;
				GCC_WARN_UNUSED_VARIABLE = YES;
				LIBRARY_SEARCH_PATHS = ../.build/debug;
				MTL_ENABLE_DEBUG_INFO = NO;
				SWIFT_INCLUDE_PATHS = ../.build/debug;
			};
			name = Release;
		};
		63344FA01BB0806700460D40 /* Debug */ = {
			isa = XCBuildConfiguration;
			buildSettings = {
				SDKROOT = macosx;
			};
			name = Debug;
		};
		63344FA11BB0806700460D40 /* Release */ = {
			isa = XCBuildConfiguration;
			buildSettings = {
				SDKROOT = macosx;
			};
			name = Release;
		};
/* End XCBuildConfiguration section */

/* Begin XCConfigurationList section */
		63344F9B1BB0806700460D40 /* Build configuration list for PBXProject "swiftpm" */ = {
			isa = XCConfigurationList;
			buildConfigurations = (
				63344F9D1BB0806700460D40 /* Debug */,
				63344F9E1BB0806700460D40 /* Release */,
			);
			defaultConfigurationIsVisible = 0;
			defaultConfigurationName = Debug;
		};
		63344F9F1BB0806700460D40 /* Build configuration list for PBXLegacyTarget "swiftpm" */ = {
			isa = XCConfigurationList;
			buildConfigurations = (
				63344FA01BB0806700460D40 /* Debug */,
				63344FA11BB0806700460D40 /* Release */,
			);
			defaultConfigurationIsVisible = 0;
			defaultConfigurationName = Debug;
		};
/* End XCConfigurationList section */
	};
	rootObject = 63344F981BB0806700460D40 /* Project object */;
}
